
Microsoft Visual Studio Solution File, Format Version 12.00
# Visual Studio Version 17
VisualStudioVersion = 17.11.35005.142
MinimumVisualStudioVersion = 10.0.40219.1
Project("{FAE04EC0-301F-11D3-BF4B-00C04F79EFBC}") = "AcmeSistemaServidor", "AcmeSistemaServidor.csproj", "{30CBE2D2-9A9E-46BB-83B6-658720ECB84C}"
EndProject
Global
	GlobalSection(SolutionConfigurationPlatforms) = preSolution
		Debug|Any CPU = Debug|Any CPU
		Release|Any CPU = Release|Any CPU
	EndGlobalSection
	GlobalSection(ProjectConfigurationPlatforms) = postSolution
		{30CBE2D2-9A9E-46BB-83B6-658720ECB84C}.Debug|Any CPU.ActiveCfg = Debug|Any CPU
		{30CBE2D2-9A9E-46BB-83B6-658720ECB84C}.Debug|Any CPU.Build.0 = Debug|Any CPU
		{30CBE2D2-9A9E-46BB-83B6-658720ECB84C}.Release|Any CPU.ActiveCfg = Release|Any CPU
		{30CBE2D2-9A9E-46BB-83B6-658720ECB84C}.Release|Any CPU.Build.0 = Release|Any CPU
	EndGlobalSection
	GlobalSection(SolutionProperties) = preSolution
		HideSolutionNode = FALSE
	EndGlobalSection
	GlobalSection(ExtensibilityGlobals) = postSolution
		SolutionGuid = {B184C77B-80F2-40CD-9D5B-CD3E0A41442D}
	EndGlobalSection
EndGlobal
